// !$*UTF8*$!
{
	archiveVersion = 1;
	classes = {
	};
	objectVersion = 56;
	objects = {

/* Begin PBXBuildFile section */
		CA82ED562C0A502D0066C07B /* EffectiveMobile_testcaseApp.swift in Sources */ = {isa = PBXBuildFile; fileRef = CA82ED552C0A502D0066C07B /* EffectiveMobile_testcaseApp.swift */; };
		CA82ED582C0A502D0066C07B /* ContentView.swift in Sources */ = {isa = PBXBuildFile; fileRef = CA82ED572C0A502D0066C07B /* ContentView.swift */; };
		CA82ED5A2C0A50300066C07B /* Assets.xcassets in Resources */ = {isa = PBXBuildFile; fileRef = CA82ED592C0A50300066C07B /* Assets.xcassets */; };
		CA82ED5D2C0A50300066C07B /* Preview Assets.xcassets in Resources */ = {isa = PBXBuildFile; fileRef = CA82ED5C2C0A50300066C07B /* Preview Assets.xcassets */; };
		CAA416392C0A5B3900FE31AA /* Color+Extenstion.swift in Sources */ = {isa = PBXBuildFile; fileRef = CAA416382C0A5B3900FE31AA /* Color+Extenstion.swift */; };
		CAA4163B2C0A5C8400FE31AA /* FontSize.swift in Sources */ = {isa = PBXBuildFile; fileRef = CAA4163A2C0A5C8400FE31AA /* FontSize.swift */; };
		CAA4163D2C0A6C2B00FE31AA /* AirTicketsViewModel.swift in Sources */ = {isa = PBXBuildFile; fileRef = CAA4163C2C0A6C2B00FE31AA /* AirTicketsViewModel.swift */; };
		CAA416402C0A6C9400FE31AA /* MusicOffers.swift in Sources */ = {isa = PBXBuildFile; fileRef = CAA4163F2C0A6C9400FE31AA /* MusicOffers.swift */; };
		CAA416422C0A719600FE31AA /* APIEndPoint.swift in Sources */ = {isa = PBXBuildFile; fileRef = CAA416412C0A719500FE31AA /* APIEndPoint.swift */; };
		CAA416452C0A871B00FE31AA /* SearchView.swift in Sources */ = {isa = PBXBuildFile; fileRef = CAA416442C0A871B00FE31AA /* SearchView.swift */; };
		CAA416462C0A879700FE31AA /* AirTicketsView.swift in Sources */ = {isa = PBXBuildFile; fileRef = CAB53BFA2C0A522C00E47E4B /* AirTicketsView.swift */; };
		CAA416482C0BAFCD00FE31AA /* DetailedSearchView.swift in Sources */ = {isa = PBXBuildFile; fileRef = CAA416472C0BAFCD00FE31AA /* DetailedSearchView.swift */; };
		CAA4164A2C0BC10D00FE31AA /* TicketOffers.swift in Sources */ = {isa = PBXBuildFile; fileRef = CAA416492C0BC10D00FE31AA /* TicketOffers.swift */; };
		CAA4164C2C0BE1F500FE31AA /* AdaptiveLabelStyle.swift in Sources */ = {isa = PBXBuildFile; fileRef = CAA4164B2C0BE1F500FE31AA /* AdaptiveLabelStyle.swift */; };
		CAA4164E2C0BE8FD00FE31AA /* AllTickets.swift in Sources */ = {isa = PBXBuildFile; fileRef = CAA4164D2C0BE8FD00FE31AA /* AllTickets.swift */; };
		CAA416502C0C81F100FE31AA /* AllTicketView.swift in Sources */ = {isa = PBXBuildFile; fileRef = CAA4164F2C0C81F000FE31AA /* AllTicketView.swift */; };
		CAA416542C0CDD3E00FE31AA /* TabItem.swift in Sources */ = {isa = PBXBuildFile; fileRef = CAA416532C0CDD3E00FE31AA /* TabItem.swift */; };
		CAA416562C0CDD9B00FE31AA /* Tabs.swift in Sources */ = {isa = PBXBuildFile; fileRef = CAA416552C0CDD9B00FE31AA /* Tabs.swift */; };
		CAA416592C0CDF3400FE31AA /* TabBarView.swift in Sources */ = {isa = PBXBuildFile; fileRef = CAA416582C0CDF3400FE31AA /* TabBarView.swift */; };
/* End PBXBuildFile section */

/* Begin PBXFileReference section */
		CA82ED522C0A502D0066C07B /* EffectiveMobile-testcase.app */ = {isa = PBXFileReference; explicitFileType = wrapper.application; includeInIndex = 0; path = "EffectiveMobile-testcase.app"; sourceTree = BUILT_PRODUCTS_DIR; };
		CA82ED552C0A502D0066C07B /* EffectiveMobile_testcaseApp.swift */ = {isa = PBXFileReference; lastKnownFileType = sourcecode.swift; path = EffectiveMobile_testcaseApp.swift; sourceTree = "<group>"; };
		CA82ED572C0A502D0066C07B /* ContentView.swift */ = {isa = PBXFileReference; lastKnownFileType = sourcecode.swift; path = ContentView.swift; sourceTree = "<group>"; };
		CA82ED592C0A50300066C07B /* Assets.xcassets */ = {isa = PBXFileReference; lastKnownFileType = folder.assetcatalog; path = Assets.xcassets; sourceTree = "<group>"; };
		CA82ED5C2C0A50300066C07B /* Preview Assets.xcassets */ = {isa = PBXFileReference; lastKnownFileType = folder.assetcatalog; path = "Preview Assets.xcassets"; sourceTree = "<group>"; };
		CAA416382C0A5B3900FE31AA /* Color+Extenstion.swift */ = {isa = PBXFileReference; lastKnownFileType = sourcecode.swift; path = "Color+Extenstion.swift"; sourceTree = "<group>"; };
		CAA4163A2C0A5C8400FE31AA /* FontSize.swift */ = {isa = PBXFileReference; lastKnownFileType = sourcecode.swift; path = FontSize.swift; sourceTree = "<group>"; };
		CAA4163C2C0A6C2B00FE31AA /* AirTicketsViewModel.swift */ = {isa = PBXFileReference; lastKnownFileType = sourcecode.swift; path = AirTicketsViewModel.swift; sourceTree = "<group>"; };
		CAA4163F2C0A6C9400FE31AA /* MusicOffers.swift */ = {isa = PBXFileReference; lastKnownFileType = sourcecode.swift; path = MusicOffers.swift; sourceTree = "<group>"; };
		CAA416412C0A719500FE31AA /* APIEndPoint.swift */ = {isa = PBXFileReference; lastKnownFileType = sourcecode.swift; path = APIEndPoint.swift; sourceTree = "<group>"; };
		CAA416442C0A871B00FE31AA /* SearchView.swift */ = {isa = PBXFileReference; lastKnownFileType = sourcecode.swift; path = SearchView.swift; sourceTree = "<group>"; };
		CAA416472C0BAFCD00FE31AA /* DetailedSearchView.swift */ = {isa = PBXFileReference; lastKnownFileType = sourcecode.swift; path = DetailedSearchView.swift; sourceTree = "<group>"; };
		CAA416492C0BC10D00FE31AA /* TicketOffers.swift */ = {isa = PBXFileReference; lastKnownFileType = sourcecode.swift; path = TicketOffers.swift; sourceTree = "<group>"; };
		CAA4164B2C0BE1F500FE31AA /* AdaptiveLabelStyle.swift */ = {isa = PBXFileReference; lastKnownFileType = sourcecode.swift; path = AdaptiveLabelStyle.swift; sourceTree = "<group>"; };
		CAA4164D2C0BE8FD00FE31AA /* AllTickets.swift */ = {isa = PBXFileReference; lastKnownFileType = sourcecode.swift; path = AllTickets.swift; sourceTree = "<group>"; };
		CAA4164F2C0C81F000FE31AA /* AllTicketView.swift */ = {isa = PBXFileReference; lastKnownFileType = sourcecode.swift; path = AllTicketView.swift; sourceTree = "<group>"; };
		CAA416532C0CDD3E00FE31AA /* TabItem.swift */ = {isa = PBXFileReference; lastKnownFileType = sourcecode.swift; path = TabItem.swift; sourceTree = "<group>"; };
		CAA416552C0CDD9B00FE31AA /* Tabs.swift */ = {isa = PBXFileReference; lastKnownFileType = sourcecode.swift; path = Tabs.swift; sourceTree = "<group>"; };
		CAA416582C0CDF3400FE31AA /* TabBarView.swift */ = {isa = PBXFileReference; lastKnownFileType = sourcecode.swift; path = TabBarView.swift; sourceTree = "<group>"; };
		CAB53BFA2C0A522C00E47E4B /* AirTicketsView.swift */ = {isa = PBXFileReference; lastKnownFileType = sourcecode.swift; path = AirTicketsView.swift; sourceTree = "<group>"; };
/* End PBXFileReference section */

/* Begin PBXFrameworksBuildPhase section */
		CA82ED4F2C0A502D0066C07B /* Frameworks */ = {
			isa = PBXFrameworksBuildPhase;
			buildActionMask = 2147483647;
			files = (
			);
			runOnlyForDeploymentPostprocessing = 0;
		};
/* End PBXFrameworksBuildPhase section */

/* Begin PBXGroup section */
		CA82ED492C0A502D0066C07B = {
			isa = PBXGroup;
			children = (
				CA82ED542C0A502D0066C07B /* EffectiveMobile-testcase */,
				CA82ED532C0A502D0066C07B /* Products */,
			);
			sourceTree = "<group>";
		};
		CA82ED532C0A502D0066C07B /* Products */ = {
			isa = PBXGroup;
			children = (
				CA82ED522C0A502D0066C07B /* EffectiveMobile-testcase.app */,
			);
			name = Products;
			sourceTree = "<group>";
		};
		CA82ED542C0A502D0066C07B /* EffectiveMobile-testcase */ = {
			isa = PBXGroup;
			children = (
				CAA416372C0A5B0900FE31AA /* Utilities */,
				CAA416512C0CAC6000FE31AA /* TabBarModule */,
				CAB53BF82C0A519700E47E4B /* AirTicketsModule */,
				CA82ED552C0A502D0066C07B /* EffectiveMobile_testcaseApp.swift */,
				CA82ED572C0A502D0066C07B /* ContentView.swift */,
				CA82ED592C0A50300066C07B /* Assets.xcassets */,
				CA82ED5B2C0A50300066C07B /* Preview Content */,
			);
			path = "EffectiveMobile-testcase";
			sourceTree = "<group>";
		};
		CA82ED5B2C0A50300066C07B /* Preview Content */ = {
			isa = PBXGroup;
			children = (
				CA82ED5C2C0A50300066C07B /* Preview Assets.xcassets */,
			);
			path = "Preview Content";
			sourceTree = "<group>";
		};
		CAA416372C0A5B0900FE31AA /* Utilities */ = {
			isa = PBXGroup;
			children = (
				CAA416382C0A5B3900FE31AA /* Color+Extenstion.swift */,
				CAA4163A2C0A5C8400FE31AA /* FontSize.swift */,
				CAA416412C0A719500FE31AA /* APIEndPoint.swift */,
			);
			path = Utilities;
			sourceTree = "<group>";
		};
		CAA4163E2C0A6C6E00FE31AA /* Model */ = {
			isa = PBXGroup;
			children = (
				CAA4163F2C0A6C9400FE31AA /* MusicOffers.swift */,
				CAA416492C0BC10D00FE31AA /* TicketOffers.swift */,
				CAA4164D2C0BE8FD00FE31AA /* AllTickets.swift */,
			);
			path = Model;
			sourceTree = "<group>";
		};
		CAA416432C0A86FB00FE31AA /* View */ = {
			isa = PBXGroup;
			children = (
				CAA416442C0A871B00FE31AA /* SearchView.swift */,
				CAA416472C0BAFCD00FE31AA /* DetailedSearchView.swift */,
				CAA4164B2C0BE1F500FE31AA /* AdaptiveLabelStyle.swift */,
				CAA4164F2C0C81F000FE31AA /* AllTicketView.swift */,
			);
			path = View;
			sourceTree = "<group>";
		};
		CAA416512C0CAC6000FE31AA /* TabBarModule */ = {
			isa = PBXGroup;
			children = (
				CAA416572C0CDF2500FE31AA /* View */,
				CAA416522C0CDCDB00FE31AA /* Model */,
			);
			path = TabBarModule;
			sourceTree = "<group>";
		};
		CAA416522C0CDCDB00FE31AA /* Model */ = {
			isa = PBXGroup;
			children = (
				CAA416532C0CDD3E00FE31AA /* TabItem.swift */,
				CAA416552C0CDD9B00FE31AA /* Tabs.swift */,
			);
			path = Model;
			sourceTree = "<group>";
		};
		CAA416572C0CDF2500FE31AA /* View */ = {
			isa = PBXGroup;
			children = (
				CAA416582C0CDF3400FE31AA /* TabBarView.swift */,
			);
			path = View;
			sourceTree = "<group>";
		};
		CAB53BF82C0A519700E47E4B /* AirTicketsModule */ = {
			isa = PBXGroup;
			children = (
				CAB53BF92C0A51AE00E47E4B /* Main */,
			);
			path = AirTicketsModule;
			sourceTree = "<group>";
		};
		CAB53BF92C0A51AE00E47E4B /* Main */ = {
			isa = PBXGroup;
			children = (
				CAA4163C2C0A6C2B00FE31AA /* AirTicketsViewModel.swift */,
				CAB53BFA2C0A522C00E47E4B /* AirTicketsView.swift */,
				CAA416432C0A86FB00FE31AA /* View */,
				CAA4163E2C0A6C6E00FE31AA /* Model */,
			);
			path = Main;
			sourceTree = "<group>";
		};
/* End PBXGroup section */

/* Begin PBXNativeTarget section */
		CA82ED512C0A502D0066C07B /* EffectiveMobile-testcase */ = {
			isa = PBXNativeTarget;
			buildConfigurationList = CA82ED602C0A50300066C07B /* Build configuration list for PBXNativeTarget "EffectiveMobile-testcase" */;
			buildPhases = (
				CA82ED4E2C0A502D0066C07B /* Sources */,
				CA82ED4F2C0A502D0066C07B /* Frameworks */,
				CA82ED502C0A502D0066C07B /* Resources */,
			);
			buildRules = (
			);
			dependencies = (
			);
			name = "EffectiveMobile-testcase";
			productName = "EffectiveMobile-testcase";
			productReference = CA82ED522C0A502D0066C07B /* EffectiveMobile-testcase.app */;
			productType = "com.apple.product-type.application";
		};
/* End PBXNativeTarget section */

/* Begin PBXProject section */
		CA82ED4A2C0A502D0066C07B /* Project object */ = {
			isa = PBXProject;
			attributes = {
				BuildIndependentTargetsInParallel = 1;
				LastSwiftUpdateCheck = 1430;
				LastUpgradeCheck = 1430;
				TargetAttributes = {
					CA82ED512C0A502D0066C07B = {
						CreatedOnToolsVersion = 14.3.1;
					};
				};
			};
			buildConfigurationList = CA82ED4D2C0A502D0066C07B /* Build configuration list for PBXProject "EffectiveMobile-testcase" */;
			compatibilityVersion = "Xcode 14.0";
			developmentRegion = en;
			hasScannedForEncodings = 0;
			knownRegions = (
				en,
				Base,
			);
			mainGroup = CA82ED492C0A502D0066C07B;
			productRefGroup = CA82ED532C0A502D0066C07B /* Products */;
			projectDirPath = "";
			projectRoot = "";
			targets = (
				CA82ED512C0A502D0066C07B /* EffectiveMobile-testcase */,
			);
		};
/* End PBXProject section */

/* Begin PBXResourcesBuildPhase section */
		CA82ED502C0A502D0066C07B /* Resources */ = {
			isa = PBXResourcesBuildPhase;
			buildActionMask = 2147483647;
			files = (
				CA82ED5D2C0A50300066C07B /* Preview Assets.xcassets in Resources */,
				CA82ED5A2C0A50300066C07B /* Assets.xcassets in Resources */,
			);
			runOnlyForDeploymentPostprocessing = 0;
		};
/* End PBXResourcesBuildPhase section */

/* Begin PBXSourcesBuildPhase section */
		CA82ED4E2C0A502D0066C07B /* Sources */ = {
			isa = PBXSourcesBuildPhase;
			buildActionMask = 2147483647;
			files = (
				CAA416592C0CDF3400FE31AA /* TabBarView.swift in Sources */,
				CAA416482C0BAFCD00FE31AA /* DetailedSearchView.swift in Sources */,
				CAA4164E2C0BE8FD00FE31AA /* AllTickets.swift in Sources */,
				CAA416392C0A5B3900FE31AA /* Color+Extenstion.swift in Sources */,
				CAA4164C2C0BE1F500FE31AA /* AdaptiveLabelStyle.swift in Sources */,
				CAA416452C0A871B00FE31AA /* SearchView.swift in Sources */,
				CAA416402C0A6C9400FE31AA /* MusicOffers.swift in Sources */,
				CAA4163D2C0A6C2B00FE31AA /* AirTicketsViewModel.swift in Sources */,
				CAA4163B2C0A5C8400FE31AA /* FontSize.swift in Sources */,
				CA82ED582C0A502D0066C07B /* ContentView.swift in Sources */,
				CA82ED562C0A502D0066C07B /* EffectiveMobile_testcaseApp.swift in Sources */,
				CAA416542C0CDD3E00FE31AA /* TabItem.swift in Sources */,
				CAA4164A2C0BC10D00FE31AA /* TicketOffers.swift in Sources */,
				CAA416422C0A719600FE31AA /* APIEndPoint.swift in Sources */,
				CAA416502C0C81F100FE31AA /* AllTicketView.swift in Sources */,
				CAA416462C0A879700FE31AA /* AirTicketsView.swift in Sources */,
				CAA416562C0CDD9B00FE31AA /* Tabs.swift in Sources */,
			);
			runOnlyForDeploymentPostprocessing = 0;
		};
/* End PBXSourcesBuildPhase section */

/* Begin XCBuildConfiguration section */
		CA82ED5E2C0A50300066C07B /* Debug */ = {
			isa = XCBuildConfiguration;
			buildSettings = {
				ALWAYS_SEARCH_USER_PATHS = NO;
				CLANG_ANALYZER_NONNULL = YES;
				CLANG_ANALYZER_NUMBER_OBJECT_CONVERSION = YES_AGGRESSIVE;
				CLANG_CXX_LANGUAGE_STANDARD = "gnu++20";
				CLANG_ENABLE_MODULES = YES;
				CLANG_ENABLE_OBJC_ARC = YES;
				CLANG_ENABLE_OBJC_WEAK = YES;
				CLANG_WARN_BLOCK_CAPTURE_AUTORELEASING = YES;
				CLANG_WARN_BOOL_CONVERSION = YES;
				CLANG_WARN_COMMA = YES;
				CLANG_WARN_CONSTANT_CONVERSION = YES;
				CLANG_WARN_DEPRECATED_OBJC_IMPLEMENTATIONS = YES;
				CLANG_WARN_DIRECT_OBJC_ISA_USAGE = YES_ERROR;
				CLANG_WARN_DOCUMENTATION_COMMENTS = YES;
				CLANG_WARN_EMPTY_BODY = YES;
				CLANG_WARN_ENUM_CONVERSION = YES;
				CLANG_WARN_INFINITE_RECURSION = YES;
				CLANG_WARN_INT_CONVERSION = YES;
				CLANG_WARN_NON_LITERAL_NULL_CONVERSION = YES;
				CLANG_WARN_OBJC_IMPLICIT_RETAIN_SELF = YES;
				CLANG_WARN_OBJC_LITERAL_CONVERSION = YES;
				CLANG_WARN_OBJC_ROOT_CLASS = YES_ERROR;
				CLANG_WARN_QUOTED_INCLUDE_IN_FRAMEWORK_HEADER = YES;
				CLANG_WARN_RANGE_LOOP_ANALYSIS = YES;
				CLANG_WARN_STRICT_PROTOTYPES = YES;
				CLANG_WARN_SUSPICIOUS_MOVE = YES;
				CLANG_WARN_UNGUARDED_AVAILABILITY = YES_AGGRESSIVE;
				CLANG_WARN_UNREACHABLE_CODE = YES;
				CLANG_WARN__DUPLICATE_METHOD_MATCH = YES;
				COPY_PHASE_STRIP = NO;
				DEBUG_INFORMATION_FORMAT = dwarf;
				ENABLE_STRICT_OBJC_MSGSEND = YES;
				ENABLE_TESTABILITY = YES;
				GCC_C_LANGUAGE_STANDARD = gnu11;
				GCC_DYNAMIC_NO_PIC = NO;
				GCC_NO_COMMON_BLOCKS = YES;
				GCC_OPTIMIZATION_LEVEL = 0;
				GCC_PREPROCESSOR_DEFINITIONS = (
					"DEBUG=1",
					"$(inherited)",
				);
				GCC_WARN_64_TO_32_BIT_CONVERSION = YES;
				GCC_WARN_ABOUT_RETURN_TYPE = YES_ERROR;
				GCC_WARN_UNDECLARED_SELECTOR = YES;
				GCC_WARN_UNINITIALIZED_AUTOS = YES_AGGRESSIVE;
				GCC_WARN_UNUSED_FUNCTION = YES;
				GCC_WARN_UNUSED_VARIABLE = YES;
				IPHONEOS_DEPLOYMENT_TARGET = 16.5;
				MTL_ENABLE_DEBUG_INFO = INCLUDE_SOURCE;
				MTL_FAST_MATH = YES;
				ONLY_ACTIVE_ARCH = YES;
				SDKROOT = iphoneos;
				SWIFT_ACTIVE_COMPILATION_CONDITIONS = DEBUG;
				SWIFT_OPTIMIZATION_LEVEL = "-Onone";
			};
			name = Debug;
		};
		CA82ED5F2C0A50300066C07B /* Release */ = {
			isa = XCBuildConfiguration;
			buildSettings = {
				ALWAYS_SEARCH_USER_PATHS = NO;
				CLANG_ANALYZER_NONNULL = YES;
				CLANG_ANALYZER_NUMBER_OBJECT_CONVERSION = YES_AGGRESSIVE;
				CLANG_CXX_LANGUAGE_STANDARD = "gnu++20";
				CLANG_ENABLE_MODULES = YES;
				CLANG_ENABLE_OBJC_ARC = YES;
				CLANG_ENABLE_OBJC_WEAK = YES;
				CLANG_WARN_BLOCK_CAPTURE_AUTORELEASING = YES;
				CLANG_WARN_BOOL_CONVERSION = YES;
				CLANG_WARN_COMMA = YES;
				CLANG_WARN_CONSTANT_CONVERSION = YES;
				CLANG_WARN_DEPRECATED_OBJC_IMPLEMENTATIONS = YES;
				CLANG_WARN_DIRECT_OBJC_ISA_USAGE = YES_ERROR;
				CLANG_WARN_DOCUMENTATION_COMMENTS = YES;
				CLANG_WARN_EMPTY_BODY = YES;
				CLANG_WARN_ENUM_CONVERSION = YES;
				CLANG_WARN_INFINITE_RECURSION = YES;
				CLANG_WARN_INT_CONVERSION = YES;
				CLANG_WARN_NON_LITERAL_NULL_CONVERSION = YES;
				CLANG_WARN_OBJC_IMPLICIT_RETAIN_SELF = YES;
				CLANG_WARN_OBJC_LITERAL_CONVERSION = YES;
				CLANG_WARN_OBJC_ROOT_CLASS = YES_ERROR;
				CLANG_WARN_QUOTED_INCLUDE_IN_FRAMEWORK_HEADER = YES;
				CLANG_WARN_RANGE_LOOP_ANALYSIS = YES;
				CLANG_WARN_STRICT_PROTOTYPES = YES;
				CLANG_WARN_SUSPICIOUS_MOVE = YES;
				CLANG_WARN_UNGUARDED_AVAILABILITY = YES_AGGRESSIVE;
				CLANG_WARN_UNREACHABLE_CODE = YES;
				CLANG_WARN__DUPLICATE_METHOD_MATCH = YES;
				COPY_PHASE_STRIP = NO;
				DEBUG_INFORMATION_FORMAT = "dwarf-with-dsym";
				ENABLE_NS_ASSERTIONS = NO;
				ENABLE_STRICT_OBJC_MSGSEND = YES;
				GCC_C_LANGUAGE_STANDARD = gnu11;
				GCC_NO_COMMON_BLOCKS = YES;
				GCC_WARN_64_TO_32_BIT_CONVERSION = YES;
				GCC_WARN_ABOUT_RETURN_TYPE = YES_ERROR;
				GCC_WARN_UNDECLARED_SELECTOR = YES;
				GCC_WARN_UNINITIALIZED_AUTOS = YES_AGGRESSIVE;
				GCC_WARN_UNUSED_FUNCTION = YES;
				GCC_WARN_UNUSED_VARIABLE = YES;
				IPHONEOS_DEPLOYMENT_TARGET = 16.5;
				MTL_ENABLE_DEBUG_INFO = NO;
				MTL_FAST_MATH = YES;
				SDKROOT = iphoneos;
				SWIFT_COMPILATION_MODE = wholemodule;
				SWIFT_OPTIMIZATION_LEVEL = "-O";
				VALIDATE_PRODUCT = YES;
			};
			name = Release;
		};
		CA82ED612C0A50300066C07B /* Debug */ = {
			isa = XCBuildConfiguration;
			buildSettings = {
				ASSETCATALOG_COMPILER_APPICON_NAME = AppIcon;
				ASSETCATALOG_COMPILER_GLOBAL_ACCENT_COLOR_NAME = AccentColor;
				CODE_SIGN_STYLE = Automatic;
				CURRENT_PROJECT_VERSION = 1;
				DEVELOPMENT_ASSET_PATHS = "\"EffectiveMobile-testcase/Preview Content\"";
				DEVELOPMENT_TEAM = 2AFG9UBT5A;
				ENABLE_PREVIEWS = YES;
				GENERATE_INFOPLIST_FILE = YES;
				INFOPLIST_KEY_UIApplicationSceneManifest_Generation = YES;
				INFOPLIST_KEY_UIApplicationSupportsIndirectInputEvents = YES;
				INFOPLIST_KEY_UILaunchScreen_Generation = YES;
				INFOPLIST_KEY_UISupportedInterfaceOrientations = UIInterfaceOrientationPortrait;
				INFOPLIST_KEY_UISupportedInterfaceOrientations_iPad = "UIInterfaceOrientationLandscapeLeft UIInterfaceOrientationLandscapeRight UIInterfaceOrientationPortrait UIInterfaceOrientationPortraitUpsideDown";
				LD_RUNPATH_SEARCH_PATHS = (
					"$(inherited)",
					"@executable_path/Frameworks",
				);
				MARKETING_VERSION = 1.0;
				PRODUCT_BUNDLE_IDENTIFIER = "xd.EffectiveMobile-testcase";
				PRODUCT_NAME = "$(TARGET_NAME)";
				SUPPORTED_PLATFORMS = "iphoneos iphonesimulator";
				SUPPORTS_MACCATALYST = NO;
				SUPPORTS_MAC_DESIGNED_FOR_IPHONE_IPAD = NO;
				SUPPORTS_XR_DESIGNED_FOR_IPHONE_IPAD = NO;
				SWIFT_EMIT_LOC_STRINGS = YES;
				SWIFT_VERSION = 5.0;
				TARGETED_DEVICE_FAMILY = 1;
			};
			name = Debug;
		};
		CA82ED622C0A50300066C07B /* Release */ = {
			isa = XCBuildConfiguration;
			buildSettings = {
				ASSETCATALOG_COMPILER_APPICON_NAME = AppIcon;
				ASSETCATALOG_COMPILER_GLOBAL_ACCENT_COLOR_NAME = AccentColor;
				CODE_SIGN_STYLE = Automatic;
				CURRENT_PROJECT_VERSION = 1;
				DEVELOPMENT_ASSET_PATHS = "\"EffectiveMobile-testcase/Preview Content\"";
				DEVELOPMENT_TEAM = 2AFG9UBT5A;
				ENABLE_PREVIEWS = YES;
				GENERATE_INFOPLIST_FILE = YES;
				INFOPLIST_KEY_UIApplicationSceneManifest_Generation = YES;
				INFOPLIST_KEY_UIApplicationSupportsIndirectInputEvents = YES;
				INFOPLIST_KEY_UILaunchScreen_Generation = YES;
				INFOPLIST_KEY_UISupportedInterfaceOrientations = UIInterfaceOrientationPortrait;
				INFOPLIST_KEY_UISupportedInterfaceOrientations_iPad = "UIInterfaceOrientationLandscapeLeft UIInterfaceOrientationLandscapeRight UIInterfaceOrientationPortrait UIInterfaceOrientationPortraitUpsideDown";
				LD_RUNPATH_SEARCH_PATHS = (
					"$(inherited)",
					"@executable_path/Frameworks",
				);
				MARKETING_VERSION = 1.0;
				PRODUCT_BUNDLE_IDENTIFIER = "xd.EffectiveMobile-testcase";
				PRODUCT_NAME = "$(TARGET_NAME)";
				SUPPORTED_PLATFORMS = "iphoneos iphonesimulator";
				SUPPORTS_MACCATALYST = NO;
				SUPPORTS_MAC_DESIGNED_FOR_IPHONE_IPAD = NO;
				SUPPORTS_XR_DESIGNED_FOR_IPHONE_IPAD = NO;
				SWIFT_EMIT_LOC_STRINGS = YES;
				SWIFT_VERSION = 5.0;
				TARGETED_DEVICE_FAMILY = 1;
			};
			name = Release;
		};
/* End XCBuildConfiguration section */

/* Begin XCConfigurationList section */
		CA82ED4D2C0A502D0066C07B /* Build configuration list for PBXProject "EffectiveMobile-testcase" */ = {
			isa = XCConfigurationList;
			buildConfigurations = (
				CA82ED5E2C0A50300066C07B /* Debug */,
				CA82ED5F2C0A50300066C07B /* Release */,
			);
			defaultConfigurationIsVisible = 0;
			defaultConfigurationName = Release;
		};
		CA82ED602C0A50300066C07B /* Build configuration list for PBXNativeTarget "EffectiveMobile-testcase" */ = {
			isa = XCConfigurationList;
			buildConfigurations = (
				CA82ED612C0A50300066C07B /* Debug */,
				CA82ED622C0A50300066C07B /* Release */,
			);
			defaultConfigurationIsVisible = 0;
			defaultConfigurationName = Release;
		};
/* End XCConfigurationList section */
	};
	rootObject = CA82ED4A2C0A502D0066C07B /* Project object */;
}
